
Microsoft Visual Studio Solution File, Format Version 12.00
# Visual Studio Version 16
VisualStudioVersion = 16.0.30907.101
MinimumVisualStudioVersion = 10.0.40219.1
Project("{FAE04EC0-301F-11D3-BF4B-00C04F79EFBC}") = "Classificados.Dominio", "Classificados.Dominio\Classificados.Dominio.csproj", "{4C4551D6-4724-4A19-B08D-1D4965135256}"
EndProject
Project("{FAE04EC0-301F-11D3-BF4B-00C04F79EFBC}") = "Classificados.Comum", "Classificados.Comum\Classificados.Comum.csproj", "{D3324662-2920-4016-A1AD-CC33B98FCC3B}"
EndProject
Project("{FAE04EC0-301F-11D3-BF4B-00C04F79EFBC}") = "Classificados.Testes", "Classificados.Testes\Classificados.Testes.csproj", "{51B1CB65-D537-473F-92F9-320A2D8EFFC8}"
EndProject
Global
	GlobalSection(SolutionConfigurationPlatforms) = preSolution
		Debug|Any CPU = Debug|Any CPU
		Release|Any CPU = Release|Any CPU
	EndGlobalSection
	GlobalSection(ProjectConfigurationPlatforms) = postSolution
		{4C4551D6-4724-4A19-B08D-1D4965135256}.Debug|Any CPU.ActiveCfg = Debug|Any CPU
		{4C4551D6-4724-4A19-B08D-1D4965135256}.Debug|Any CPU.Build.0 = Debug|Any CPU
		{4C4551D6-4724-4A19-B08D-1D4965135256}.Release|Any CPU.ActiveCfg = Release|Any CPU
		{4C4551D6-4724-4A19-B08D-1D4965135256}.Release|Any CPU.Build.0 = Release|Any CPU
		{D3324662-2920-4016-A1AD-CC33B98FCC3B}.Debug|Any CPU.ActiveCfg = Debug|Any CPU
		{D3324662-2920-4016-A1AD-CC33B98FCC3B}.Debug|Any CPU.Build.0 = Debug|Any CPU
		{D3324662-2920-4016-A1AD-CC33B98FCC3B}.Release|Any CPU.ActiveCfg = Release|Any CPU
		{D3324662-2920-4016-A1AD-CC33B98FCC3B}.Release|Any CPU.Build.0 = Release|Any CPU
		{51B1CB65-D537-473F-92F9-320A2D8EFFC8}.Debug|Any CPU.ActiveCfg = Debug|Any CPU
		{51B1CB65-D537-473F-92F9-320A2D8EFFC8}.Debug|Any CPU.Build.0 = Debug|Any CPU
		{51B1CB65-D537-473F-92F9-320A2D8EFFC8}.Release|Any CPU.ActiveCfg = Release|Any CPU
		{51B1CB65-D537-473F-92F9-320A2D8EFFC8}.Release|Any CPU.Build.0 = Release|Any CPU
	EndGlobalSection
	GlobalSection(SolutionProperties) = preSolution
		HideSolutionNode = FALSE
	EndGlobalSection
	GlobalSection(ExtensibilityGlobals) = postSolution
		SolutionGuid = {3B923F18-51B3-49A7-B9C3-A74BADA774B7}
	EndGlobalSection
EndGlobal
