
Microsoft Visual Studio Solution File, Format Version 12.00
# Visual Studio Version 16
VisualStudioVersion = 16.0.30907.101
MinimumVisualStudioVersion = 10.0.40219.1
Project("{FAE04EC0-301F-11D3-BF4B-00C04F79EFBC}") = "Classificados.Dominio", "Classificados.Dominio\Classificados.Dominio.csproj", "{84F6F7D6-A546-46F3-9257-A7B77F273426}"
EndProject
Project("{FAE04EC0-301F-11D3-BF4B-00C04F79EFBC}") = "Classisficados.Comum", "Classisficados.Comum\Classisficados.Comum.csproj", "{08DB8567-4ACE-4AAC-9A52-7772427394BA}"
EndProject
Project("{FAE04EC0-301F-11D3-BF4B-00C04F79EFBC}") = "Classificados.Testes", "Classificados.Testes\Classificados.Testes.csproj", "{32A4C85F-855C-4992-AAEF-B53B5A7FD025}"
EndProject
Global
	GlobalSection(SolutionConfigurationPlatforms) = preSolution
		Debug|Any CPU = Debug|Any CPU
		Release|Any CPU = Release|Any CPU
	EndGlobalSection
	GlobalSection(ProjectConfigurationPlatforms) = postSolution
		{84F6F7D6-A546-46F3-9257-A7B77F273426}.Debug|Any CPU.ActiveCfg = Debug|Any CPU
		{84F6F7D6-A546-46F3-9257-A7B77F273426}.Debug|Any CPU.Build.0 = Debug|Any CPU
		{84F6F7D6-A546-46F3-9257-A7B77F273426}.Release|Any CPU.ActiveCfg = Release|Any CPU
		{84F6F7D6-A546-46F3-9257-A7B77F273426}.Release|Any CPU.Build.0 = Release|Any CPU
		{08DB8567-4ACE-4AAC-9A52-7772427394BA}.Debug|Any CPU.ActiveCfg = Debug|Any CPU
		{08DB8567-4ACE-4AAC-9A52-7772427394BA}.Debug|Any CPU.Build.0 = Debug|Any CPU
		{08DB8567-4ACE-4AAC-9A52-7772427394BA}.Release|Any CPU.ActiveCfg = Release|Any CPU
		{08DB8567-4ACE-4AAC-9A52-7772427394BA}.Release|Any CPU.Build.0 = Release|Any CPU
		{32A4C85F-855C-4992-AAEF-B53B5A7FD025}.Debug|Any CPU.ActiveCfg = Debug|Any CPU
		{32A4C85F-855C-4992-AAEF-B53B5A7FD025}.Debug|Any CPU.Build.0 = Debug|Any CPU
		{32A4C85F-855C-4992-AAEF-B53B5A7FD025}.Release|Any CPU.ActiveCfg = Release|Any CPU
		{32A4C85F-855C-4992-AAEF-B53B5A7FD025}.Release|Any CPU.Build.0 = Release|Any CPU
	EndGlobalSection
	GlobalSection(SolutionProperties) = preSolution
		HideSolutionNode = FALSE
	EndGlobalSection
	GlobalSection(ExtensibilityGlobals) = postSolution
		SolutionGuid = {BE51804B-B0FF-4032-91F5-C2663E873FBA}
	EndGlobalSection
EndGlobal
