
Microsoft Visual Studio Solution File, Format Version 12.00
# Visual Studio Version 16
VisualStudioVersion = 16.0.30517.126
MinimumVisualStudioVersion = 10.0.40219.1
Project("{FAE04EC0-301F-11D3-BF4B-00C04F79EFBC}") = "Jogame", "Jogame.csproj", "{86186B2D-D89A-4191-93D8-FD81C228E23B}"
EndProject
Global
	GlobalSection(SolutionConfigurationPlatforms) = preSolution
		Debug|Any CPU = Debug|Any CPU
		Release|Any CPU = Release|Any CPU
	EndGlobalSection
	GlobalSection(ProjectConfigurationPlatforms) = postSolution
		{86186B2D-D89A-4191-93D8-FD81C228E23B}.Debug|Any CPU.ActiveCfg = Debug|Any CPU
		{86186B2D-D89A-4191-93D8-FD81C228E23B}.Debug|Any CPU.Build.0 = Debug|Any CPU
		{86186B2D-D89A-4191-93D8-FD81C228E23B}.Release|Any CPU.ActiveCfg = Release|Any CPU
		{86186B2D-D89A-4191-93D8-FD81C228E23B}.Release|Any CPU.Build.0 = Release|Any CPU
	EndGlobalSection
	GlobalSection(SolutionProperties) = preSolution
		HideSolutionNode = FALSE
	EndGlobalSection
	GlobalSection(ExtensibilityGlobals) = postSolution
		SolutionGuid = {06001B9C-3758-4871-B7C5-71F598D601DE}
	EndGlobalSection
EndGlobal
